
Microsoft Visual Studio Solution File, Format Version 10.00
# Visual Studio 2008
Project("{2857B73E-F847-4B02-9238-064979017E93}") = "battleship", "battleship\battleship.cproj", "{04B95A86-94BC-4B9F-8523-D9577BE75351}"
EndProject
Global
	GlobalSection(SolutionConfigurationPlatforms) = preSolution
		Debug|Any CPU = Debug|Any CPU
		Release|Any CPU = Release|Any CPU
	EndGlobalSection
	GlobalSection(ProjectConfigurationPlatforms) = postSolution
		{04B95A86-94BC-4B9F-8523-D9577BE75351}.Debug|Any CPU.ActiveCfg = Debug|Any CPU
		{04B95A86-94BC-4B9F-8523-D9577BE75351}.Debug|Any CPU.Build.0 = Debug|Any CPU
		{04B95A86-94BC-4B9F-8523-D9577BE75351}.Release|Any CPU.ActiveCfg = Release|Any CPU
		{04B95A86-94BC-4B9F-8523-D9577BE75351}.Release|Any CPU.Build.0 = Release|Any CPU
	EndGlobalSection
	GlobalSection(MonoDevelopProperties) = preSolution
		StartupItem = battleship\battleship.cproj
	EndGlobalSection
EndGlobal
