
Microsoft Visual Studio Solution File, Format Version 10.00
# Visual Studio 2008
Project("{2857B73E-F847-4B02-9238-064979017E93}") = "battleship", "battleship\battleship.cproj", "{96F6925C-FE75-4D80-8335-666E1E62937A}"
EndProject
Global
	GlobalSection(SolutionConfigurationPlatforms) = preSolution
		Debug|Any CPU = Debug|Any CPU
		Release|Any CPU = Release|Any CPU
	EndGlobalSection
	GlobalSection(ProjectConfigurationPlatforms) = postSolution
		{96F6925C-FE75-4D80-8335-666E1E62937A}.Debug|Any CPU.ActiveCfg = Debug|Any CPU
		{96F6925C-FE75-4D80-8335-666E1E62937A}.Debug|Any CPU.Build.0 = Debug|Any CPU
		{96F6925C-FE75-4D80-8335-666E1E62937A}.Release|Any CPU.ActiveCfg = Release|Any CPU
		{96F6925C-FE75-4D80-8335-666E1E62937A}.Release|Any CPU.Build.0 = Release|Any CPU
	EndGlobalSection
	GlobalSection(MonoDevelopProperties) = preSolution
		StartupItem = battleship\battleship.cproj
	EndGlobalSection
EndGlobal
